
Microsoft Visual Studio Solution File, Format Version 12.00
# Visual Studio 15
VisualStudioVersion = 15.0.28307.1433
MinimumVisualStudioVersion = 10.0.40219.1
Project("{FAE04EC0-301F-11D3-BF4B-00C04F79EFBC}") = "MencariSelisih", "MencariSelisih\MencariSelisih.csproj", "{406D2657-AE1C-42C4-9AF5-130C735E9BAF}"
EndProject
Global
	GlobalSection(SolutionConfigurationPlatforms) = preSolution
		Debug|Any CPU = Debug|Any CPU
		Release|Any CPU = Release|Any CPU
	EndGlobalSection
	GlobalSection(ProjectConfigurationPlatforms) = postSolution
		{406D2657-AE1C-42C4-9AF5-130C735E9BAF}.Debug|Any CPU.ActiveCfg = Debug|Any CPU
		{406D2657-AE1C-42C4-9AF5-130C735E9BAF}.Debug|Any CPU.Build.0 = Debug|Any CPU
		{406D2657-AE1C-42C4-9AF5-130C735E9BAF}.Release|Any CPU.ActiveCfg = Release|Any CPU
		{406D2657-AE1C-42C4-9AF5-130C735E9BAF}.Release|Any CPU.Build.0 = Release|Any CPU
	EndGlobalSection
	GlobalSection(SolutionProperties) = preSolution
		HideSolutionNode = FALSE
	EndGlobalSection
	GlobalSection(ExtensibilityGlobals) = postSolution
		SolutionGuid = {FB95238C-ACDD-48BE-8ED3-38DAFA48ABCF}
	EndGlobalSection
EndGlobal
