
Microsoft Visual Studio Solution File, Format Version 12.00
# Visual Studio 15
VisualStudioVersion = 15.0.28307.1433
MinimumVisualStudioVersion = 10.0.40219.1
Project("{FAE04EC0-301F-11D3-BF4B-00C04F79EFBC}") = "tugas_pertemuan_6_kel_A", "tugas_pertemuan_6_kel_A\tugas_pertemuan_6_kel_A.csproj", "{7605F4EF-F4DE-4F6D-AED0-4D275D484421}"
EndProject
Global
	GlobalSection(SolutionConfigurationPlatforms) = preSolution
		Debug|Any CPU = Debug|Any CPU
		Release|Any CPU = Release|Any CPU
	EndGlobalSection
	GlobalSection(ProjectConfigurationPlatforms) = postSolution
		{7605F4EF-F4DE-4F6D-AED0-4D275D484421}.Debug|Any CPU.ActiveCfg = Debug|Any CPU
		{7605F4EF-F4DE-4F6D-AED0-4D275D484421}.Debug|Any CPU.Build.0 = Debug|Any CPU
		{7605F4EF-F4DE-4F6D-AED0-4D275D484421}.Release|Any CPU.ActiveCfg = Release|Any CPU
		{7605F4EF-F4DE-4F6D-AED0-4D275D484421}.Release|Any CPU.Build.0 = Release|Any CPU
	EndGlobalSection
	GlobalSection(SolutionProperties) = preSolution
		HideSolutionNode = FALSE
	EndGlobalSection
	GlobalSection(ExtensibilityGlobals) = postSolution
		SolutionGuid = {4E1DB6DD-33BB-471A-A4FD-08E87A57D573}
	EndGlobalSection
EndGlobal
